hash: 18195238c9ebc85c68e62362f44787f67c1e1271a07940cad4ca231d82d159c5
updated: 2019-10-17T11:14:53.109614288-04:00
imports:
- name: github.com/Azure/go-ansiterm
  version: d6e3b3328b783f23731bc4d058875b0371ff8109
  subpackages:
  - winterm
- name: github.com/containerd/continuity
  version: 75bee3e2ccb6402e3a986ab8bd3b17003fc0fdec
  subpackages:
  - pathdriver
- name: github.com/docker/cli
  version: df6e38b81a94c06ee1e3bd3fd3b17cd9b67c926b
  subpackages:
  - cli/compose/interpolation
  - cli/compose/loader
  - cli/compose/schema
  - cli/compose/template
  - cli/compose/types
  - opts
- name: github.com/docker/docker
  version: 8e435b8279f2af3e0cebd73fa9e25ca1bb26004e
  subpackages:
  - api/types
  - api/types/blkiodev
  - api/types/container
  - api/types/filters
  - api/types/mount
  - api/types/network
  - api/types/registry
  - api/types/strslice
  - api/types/swarm
  - api/types/swarm/runtime
  - api/types/versions
  - pkg/archive
  - pkg/fileutils
  - pkg/homedir
  - pkg/idtools
  - pkg/ioutils
  - pkg/jsonmessage
  - pkg/longpath
  - pkg/mount
  - pkg/pools
  - pkg/stdcopy
  - pkg/system
  - pkg/term
  - pkg/term/windows
  - pkg/urlutil
- name: github.com/docker/go-connections
  version: fd1b1942c4d55f7f210a8387e612dc6ffee78ff6
  subpackages:
  - nat
- name: github.com/docker/go-units
  version: 519db1ee28dcc9fd2474ae59fca29a810482bfb1
- name: github.com/docker/libcompose
  version: 57bd716502dcbe1799f026148016022b0f3b989c
  subpackages:
  - config
  - logger
  - lookup
  - project
  - project/events
  - project/options
  - utils
  - yaml
- name: github.com/fatih/structs
  version: 878a968ab22548362a09bdb3322f98b00f470d46
- name: github.com/flynn/go-shlex
  version: 3f9db97f856818214da2e1057f8ad84803971cff
- name: github.com/fsnotify/fsnotify
  version: 4bf2d1fec78374803a39307bfb8d340688f4f28e
- name: github.com/fsouza/go-dockerclient
  version: 1338bde8b2fb0113cd73788d09208bb3033ce67a
- name: github.com/ghodss/yaml
  version: 25d852aebe32c875e9c044af3eef9c7dc6bc777f
- name: github.com/gogo/protobuf
  version: 382325bbbb4d1c850eec1f3ec92a1a16f502d68b
  subpackages:
  - proto
- name: github.com/golang/glog
  version: 44145f04b68cf362d9c4df2182967c2275eaefed
  repo: https://github.com/openshift/glog
- name: github.com/hashicorp/hcl
  version: d8c773c4cba11b11539e3d45f93daeaa5dcf1fa1
  subpackages:
  - hcl/ast
  - hcl/parser
  - hcl/printer
  - hcl/scanner
  - hcl/strconv
  - hcl/token
  - json/parser
  - json/scanner
  - json/token
- name: github.com/imdario/mergo
  version: 367dccd03f18bf85378395651a9be25c129fb3bf
- name: github.com/inconshreveable/mousetrap
  version: 76626ae9c91c4f2a10f34cad8ce83ea42c93bb75
- name: github.com/joho/godotenv
  version: 5c0e6c6ab1a0a9ef0a8822cba3a05d62f7dad941
- name: github.com/kr/fs
  version: 2788f0dbd16903de03cb8186e5c7d97b69ad387b
- name: github.com/magiconair/properties
  version: de8848e004dd33dc07a2947b3d76f618a7fc7ef1
- name: github.com/mattn/go-shellwords
  version: 51d68c780a0237241b0f3e9329e32e64cc1d01bd
- name: github.com/Microsoft/go-winio
  version: 97e4973ce50b2ff5f09635a57e2b88a037aae829
- name: github.com/mitchellh/mapstructure
  version: 3536a929edddb9a5b34bd6861dc4a9647cb459fe
- name: github.com/novln/docker-parser
  version: 6030251119d652af8ead44ac7907444227b64d56
  subpackages:
  - distribution/digest
  - distribution/reference
  - docker
- name: github.com/Nvveen/Gotty
  version: cd527374f1e5bff4938207604a14f2e38a9cf512
- name: github.com/opencontainers/go-digest
  version: a6d0ee40d4207ea02364bd3b9e8e77b9159ba1eb
- name: github.com/opencontainers/image-spec
  version: 372ad780f63454fbbbbcc7cf80e5b90245c13e13
  subpackages:
  - specs-go
  - specs-go/v1
- name: github.com/opencontainers/runc
  version: f000fe11ece1b79f744edd9c8e1a53ba0f5e0f24
  subpackages:
  - libcontainer/system
  - libcontainer/user
- name: github.com/pelletier/go-toml
  version: e87c92d4f423f333363e6d45b03f65ff8becd029
- name: github.com/pkg/errors
  version: 27936f6d90f9c8e1145f11ed52ffffbfdb9e0af7
- name: github.com/pkg/sftp
  version: 4d0e916071f68db74f8a73926335f809396d6b42
- name: github.com/sirupsen/logrus
  version: f006c2ac4710855cf0f916dd6b77acf6b048dc6e
- name: github.com/spf13/afero
  version: b28a7effac979219c2a2ed6205a4d70e4b1bcd02
  subpackages:
  - mem
  - sftp
- name: github.com/spf13/cast
  version: c01685bb8421cecb276fa517e91f757215f980b3
- name: github.com/spf13/cobra
  version: 8a4b46fadf756f30eff047abf2f8edba4eac6fef
- name: github.com/spf13/jwalterweatherman
  version: 94f6ae3ed3bceceafa716478c5fbf8d29ca601a1
- name: github.com/spf13/pflag
  version: 2e9d26c8c37aae03e3f9d4e90b7116f5accb7cab
- name: github.com/spf13/viper
  version: 40e41dd2240a2ae3f6b0a908ad9ddc6cefd5e456
- name: github.com/subosito/gotenv
  version: de67a6614a4de71ad5e380b6946e56ab957d58c5
- name: github.com/xeipuuv/gojsonpointer
  version: 02993c407bfbf5f6dae44c4f4b1cf6a39b5fc5bb
- name: github.com/xeipuuv/gojsonreference
  version: bd5ef7bd5415a7ac448318e64f11a24cd21e594b
- name: github.com/xeipuuv/gojsonschema
  version: 93e72a773fade158921402d6a24c819b48aba29d
- name: golang.org/x/crypto
  version: de0752318171da717af4ce24d0a2e8626afaeb11
  subpackages:
  - curve25519
  - ed25519
  - ed25519/internal/edwards25519
  - internal/chacha20
  - internal/subtle
  - poly1305
  - ssh
  - ssh/terminal
- name: golang.org/x/net
  version: cdfb69ac37fc6fa907650654115ebebb3aae2087
  subpackages:
  - context
- name: golang.org/x/sys
  version: ebfc5b4631820b793c9010c87fd8fef0f39eb082
  subpackages:
  - unix
  - windows
- name: golang.org/x/text
  version: b19bf474d317b857955b12035d2c5acb57ce8b01
  subpackages:
  - transform
  - unicode/norm
- name: gopkg.in/yaml.v2
  version: f221b8435cfb71e54062f6c6e99e9ade30b124d5
testImports: []
